packages:
  apb:
    revision: c36e398b5e9b02f3a5fb1511be02764c94e1c413
    version: null
    source:
      Git: https://github.com/pulp-platform/apb.git
    dependencies:
    - common_cells
  axi:
    revision: 5a15312389ff1f9d48dba03790c14c2f9c86080f
    version: null
    source:
      Git: https://github.com/colluca/axi.git
    dependencies:
    - common_cells
    - common_verification
    - tech_cells_generic
  axi_riscv_atomics:
    revision: f042b045fc33628eb55c128d8f31ba4db4fdb9f8
    version: null
    source:
      Git: https://github.com/pulp-platform/axi_riscv_atomics.git
    dependencies:
    - axi
    - common_cells
    - common_verification
  axi_stream:
    revision: 54891ff40455ca94a37641b9da4604647878cc07
    version: 0.1.1
    source:
      Git: https://github.com/pulp-platform/axi_stream.git
    dependencies:
    - common_cells
  cluster_icache:
    revision: 15e492f7064831d1fe12af25460929b16606e4cd
    version: null
    source:
      Git: https://github.com/pulp-platform/cluster_icache.git
    dependencies:
    - axi
    - common_cells
    - scm
    - tech_cells_generic
  common_cells:
    revision: ab3d6408b7ef5c96ecf2c59fb67d5d3c268173a8
    version: null
    source:
      Git: https://github.com/pulp-platform/common_cells.git
    dependencies:
    - common_verification
    - tech_cells_generic
  common_verification:
    revision: fb1885f48ea46164a10568aeff51884389f67ae3
    version: 0.2.5
    source:
      Git: https://github.com/pulp-platform/common_verification.git
    dependencies: []
  fpnew:
    revision: 0e66ccc7ced8c3c4dd495792d26d81af976eec76
    version: null
    source:
      Git: https://github.com/pulp-platform/cvfpu.git
    dependencies:
    - common_cells
    - fpu_div_sqrt_mvp
  fpu_div_sqrt_mvp:
    revision: 86e1f558b3c95e91577c41b2fc452c86b04e85ac
    version: 1.0.4
    source:
      Git: https://github.com/pulp-platform/fpu_div_sqrt_mvp.git
    dependencies:
    - common_cells
  idma:
    revision: 4e908d763c41abbc3c28850e6cb247f5d845a0d6
    version: null
    source:
      Git: https://github.com/pulp-platform/idma.git
    dependencies:
    - axi
    - axi_stream
    - common_cells
    - common_verification
    - obi
    - register_interface
  obi:
    revision: ddeced68bf1d180750171384eed809628eb890c7
    version: null
    source:
      Git: https://github.com/pulp-platform/obi.git
    dependencies:
    - common_cells
    - common_verification
  register_interface:
    revision: f04dc815b72e32ae483b2abafcb87a8f4b6c37e7
    version: null
    source:
      Git: https://github.com/pulp-platform/register_interface.git
    dependencies:
    - apb
    - axi
    - common_cells
    - common_verification
  riscv-dbg:
    revision: 358f90110220adf7a083f8b65d157e836d706236
    version: 0.8.1
    source:
      Git: https://github.com/pulp-platform/riscv-dbg.git
    dependencies:
    - common_cells
    - tech_cells_generic
  scm:
    revision: 1976c7efb4979271eee2abe262fde0f9a20e2557
    version: 1.2.1
    source:
      Git: https://github.com/pulp-platform/scm.git
    dependencies:
    - tech_cells_generic
  tech_cells_generic:
    revision: 7968dd6e6180df2c644636bc6d2908a49f2190cf
    version: 0.2.13
    source:
      Git: https://github.com/pulp-platform/tech_cells_generic.git
    dependencies:
    - common_verification
